
Microsoft Visual Studio Solution File, Format Version 12.00
Project("{FAE04EC0-301F-11D3-BF4B-00C04F79EFBC}") = "KafkaMultiSchemaPoc", "KafkaMultiSchemaPoc\KafkaMultiSchemaPoc.csproj", "{94B380C1-926F-49E9-95D2-5A248FDDC4AD}"
EndProject
Project("{FAE04EC0-301F-11D3-BF4B-00C04F79EFBC}") = "Contracts.Kafka", "Contracts.Kafka\Contracts.Kafka.csproj", "{462E73C8-D1ED-419A-8FEC-E33715DBB42B}"
EndProject
Global
	GlobalSection(SolutionConfigurationPlatforms) = preSolution
		Debug|Any CPU = Debug|Any CPU
		Release|Any CPU = Release|Any CPU
	EndGlobalSection
	GlobalSection(ProjectConfigurationPlatforms) = postSolution
		{94B380C1-926F-49E9-95D2-5A248FDDC4AD}.Debug|Any CPU.ActiveCfg = Debug|Any CPU
		{94B380C1-926F-49E9-95D2-5A248FDDC4AD}.Debug|Any CPU.Build.0 = Debug|Any CPU
		{94B380C1-926F-49E9-95D2-5A248FDDC4AD}.Release|Any CPU.ActiveCfg = Release|Any CPU
		{94B380C1-926F-49E9-95D2-5A248FDDC4AD}.Release|Any CPU.Build.0 = Release|Any CPU
		{462E73C8-D1ED-419A-8FEC-E33715DBB42B}.Debug|Any CPU.ActiveCfg = Debug|Any CPU
		{462E73C8-D1ED-419A-8FEC-E33715DBB42B}.Debug|Any CPU.Build.0 = Debug|Any CPU
		{462E73C8-D1ED-419A-8FEC-E33715DBB42B}.Release|Any CPU.ActiveCfg = Release|Any CPU
		{462E73C8-D1ED-419A-8FEC-E33715DBB42B}.Release|Any CPU.Build.0 = Release|Any CPU
	EndGlobalSection
EndGlobal
